
Microsoft Visual Studio Solution File, Format Version 12.00
# Visual Studio 15
VisualStudioVersion = 15.0.27130.2027
MinimumVisualStudioVersion = 10.0.40219.1
Project("{FAE04EC0-301F-11D3-BF4B-00C04F79EFBC}") = "CategoryProblemTest", "CategoryProblemTest\CategoryProblemTest.csproj", "{D46B47F9-5C4F-4D3C-A757-E0D1118904B8}"
EndProject
Global
	GlobalSection(SolutionConfigurationPlatforms) = preSolution
		Debug|Any CPU = Debug|Any CPU
		Release|Any CPU = Release|Any CPU
	EndGlobalSection
	GlobalSection(ProjectConfigurationPlatforms) = postSolution
		{D46B47F9-5C4F-4D3C-A757-E0D1118904B8}.Debug|Any CPU.ActiveCfg = Debug|Any CPU
		{D46B47F9-5C4F-4D3C-A757-E0D1118904B8}.Debug|Any CPU.Build.0 = Debug|Any CPU
		{D46B47F9-5C4F-4D3C-A757-E0D1118904B8}.Release|Any CPU.ActiveCfg = Release|Any CPU
		{D46B47F9-5C4F-4D3C-A757-E0D1118904B8}.Release|Any CPU.Build.0 = Release|Any CPU
	EndGlobalSection
	GlobalSection(SolutionProperties) = preSolution
		HideSolutionNode = FALSE
	EndGlobalSection
	GlobalSection(ExtensibilityGlobals) = postSolution
		SolutionGuid = {E9BBC87E-B5BB-4B53-BFF6-76B542C0677E}
	EndGlobalSection
EndGlobal
